// !$*UTF8*$!
{
	archiveVersion = 1;
	classes = {
	};
	objectVersion = 50;
	objects = {

/* Begin PBXBuildFile section */
		BC34847D2541C440004C3319 /* AppDelegate.swift in Sources */ = {isa = PBXBuildFile; fileRef = BC34847C2541C440004C3319 /* AppDelegate.swift */; };
		BC34847F2541C440004C3319 /* SceneDelegate.swift in Sources */ = {isa = PBXBuildFile; fileRef = BC34847E2541C440004C3319 /* SceneDelegate.swift */; };
		BC3484812541C440004C3319 /* ViewController.swift in Sources */ = {isa = PBXBuildFile; fileRef = BC3484802541C440004C3319 /* ViewController.swift */; };
		BC3484842541C440004C3319 /* Main.storyboard in Resources */ = {isa = PBXBuildFile; fileRef = BC3484822541C440004C3319 /* Main.storyboard */; };
		BC3484862541C440004C3319 /* Assets.xcassets in Resources */ = {isa = PBXBuildFile; fileRef = BC3484852541C440004C3319 /* Assets.xcassets */; };
		BC3484892541C440004C3319 /* LaunchScreen.storyboard in Resources */ = {isa = PBXBuildFile; fileRef = BC3484872541C440004C3319 /* LaunchScreen.storyboard */; };
		BCDBC13F25459805004F0113 /* billabong.ttf in Resources */ = {isa = PBXBuildFile; fileRef = BCDBC13E25459805004F0113 /* billabong.ttf */; };
		BCDBC1422545B1F4004F0113 /* PaddedLabel.swift in Sources */ = {isa = PBXBuildFile; fileRef = BCDBC1412545B1F4004F0113 /* PaddedLabel.swift */; };
/* End PBXBuildFile section */

/* Begin PBXFileReference section */
		BC3484792541C43F004C3319 /* InstagramFeedcam.app */ = {isa = PBXFileReference; explicitFileType = wrapper.application; includeInIndex = 0; path = InstagramFeedcam.app; sourceTree = BUILT_PRODUCTS_DIR; };
		BC34847C2541C440004C3319 /* AppDelegate.swift */ = {isa = PBXFileReference; lastKnownFileType = sourcecode.swift; path = AppDelegate.swift; sourceTree = "<group>"; };
		BC34847E2541C440004C3319 /* SceneDelegate.swift */ = {isa = PBXFileReference; lastKnownFileType = sourcecode.swift; path = SceneDelegate.swift; sourceTree = "<group>"; };
		BC3484802541C440004C3319 /* ViewController.swift */ = {isa = PBXFileReference; lastKnownFileType = sourcecode.swift; path = ViewController.swift; sourceTree = "<group>"; };
		BC3484832541C440004C3319 /* Base */ = {isa = PBXFileReference; lastKnownFileType = file.storyboard; name = Base; path = Base.lproj/Main.storyboard; sourceTree = "<group>"; };
		BC3484852541C440004C3319 /* Assets.xcassets */ = {isa = PBXFileReference; lastKnownFileType = folder.assetcatalog; path = Assets.xcassets; sourceTree = "<group>"; };
		BC3484882541C440004C3319 /* Base */ = {isa = PBXFileReference; lastKnownFileType = file.storyboard; name = Base; path = Base.lproj/LaunchScreen.storyboard; sourceTree = "<group>"; };
		BC34848A2541C440004C3319 /* Info.plist */ = {isa = PBXFileReference; lastKnownFileType = text.plist.xml; path = Info.plist; sourceTree = "<group>"; };
		BCDBC13E25459805004F0113 /* billabong.ttf */ = {isa = PBXFileReference; lastKnownFileType = file; path = billabong.ttf; sourceTree = "<group>"; };
		BCDBC1412545B1F4004F0113 /* PaddedLabel.swift */ = {isa = PBXFileReference; lastKnownFileType = sourcecode.swift; path = PaddedLabel.swift; sourceTree = "<group>"; };
/* End PBXFileReference section */

/* Begin PBXFrameworksBuildPhase section */
		BC3484762541C43F004C3319 /* Frameworks */ = {
			isa = PBXFrameworksBuildPhase;
			buildActionMask = 2147483647;
			files = (
			);
			runOnlyForDeploymentPostprocessing = 0;
		};
/* End PBXFrameworksBuildPhase section */

/* Begin PBXGroup section */
		BC3484702541C43F004C3319 = {
			isa = PBXGroup;
			children = (
				BC34847B2541C43F004C3319 /* InstagramFeedcam */,
				BC34847A2541C43F004C3319 /* Products */,
			);
			sourceTree = "<group>";
		};
		BC34847A2541C43F004C3319 /* Products */ = {
			isa = PBXGroup;
			children = (
				BC3484792541C43F004C3319 /* InstagramFeedcam.app */,
			);
			name = Products;
			sourceTree = "<group>";
		};
		BC34847B2541C43F004C3319 /* InstagramFeedcam */ = {
			isa = PBXGroup;
			children = (
				BCDBC13D2545979E004F0113 /* font */,
				BC34847C2541C440004C3319 /* AppDelegate.swift */,
				BC34847E2541C440004C3319 /* SceneDelegate.swift */,
				BC3484802541C440004C3319 /* ViewController.swift */,
				BC3484822541C440004C3319 /* Main.storyboard */,
				BC3484852541C440004C3319 /* Assets.xcassets */,
				BC3484872541C440004C3319 /* LaunchScreen.storyboard */,
				BC34848A2541C440004C3319 /* Info.plist */,
				BCDBC1412545B1F4004F0113 /* PaddedLabel.swift */,
			);
			path = InstagramFeedcam;
			sourceTree = "<group>";
		};
		BCDBC13D2545979E004F0113 /* font */ = {
			isa = PBXGroup;
			children = (
				BCDBC13E25459805004F0113 /* billabong.ttf */,
			);
			path = font;
			sourceTree = "<group>";
		};
/* End PBXGroup section */

/* Begin PBXNativeTarget section */
		BC3484782541C43F004C3319 /* InstagramFeedcam */ = {
			isa = PBXNativeTarget;
			buildConfigurationList = BC34848D2541C440004C3319 /* Build configuration list for PBXNativeTarget "InstagramFeedcam" */;
			buildPhases = (
				BC3484752541C43F004C3319 /* Sources */,
				BC3484762541C43F004C3319 /* Frameworks */,
				BC3484772541C43F004C3319 /* Resources */,
			);
			buildRules = (
			);
			dependencies = (
			);
			name = InstagramFeedcam;
			productName = InstagramFeedcam;
			productReference = BC3484792541C43F004C3319 /* InstagramFeedcam.app */;
			productType = "com.apple.product-type.application";
		};
/* End PBXNativeTarget section */

/* Begin PBXProject section */
		BC3484712541C43F004C3319 /* Project object */ = {
			isa = PBXProject;
			attributes = {
				LastSwiftUpdateCheck = 1210;
				LastUpgradeCheck = 1210;
				TargetAttributes = {
					BC3484782541C43F004C3319 = {
						CreatedOnToolsVersion = 12.1;
					};
				};
			};
			buildConfigurationList = BC3484742541C43F004C3319 /* Build configuration list for PBXProject "InstagramFeedcam" */;
			compatibilityVersion = "Xcode 9.3";
			developmentRegion = en;
			hasScannedForEncodings = 0;
			knownRegions = (
				en,
				Base,
			);
			mainGroup = BC3484702541C43F004C3319;
			productRefGroup = BC34847A2541C43F004C3319 /* Products */;
			projectDirPath = "";
			projectRoot = "";
			targets = (
				BC3484782541C43F004C3319 /* InstagramFeedcam */,
			);
		};
/* End PBXProject section */

/* Begin PBXResourcesBuildPhase section */
		BC3484772541C43F004C3319 /* Resources */ = {
			isa = PBXResourcesBuildPhase;
			buildActionMask = 2147483647;
			files = (
				BC3484892541C440004C3319 /* LaunchScreen.storyboard in Resources */,
				BC3484862541C440004C3319 /* Assets.xcassets in Resources */,
				BC3484842541C440004C3319 /* Main.storyboard in Resources */,
				BCDBC13F25459805004F0113 /* billabong.ttf in Resources */,
			);
			runOnlyForDeploymentPostprocessing = 0;
		};
/* End PBXResourcesBuildPhase section */

/* Begin PBXSourcesBuildPhase section */
		BC3484752541C43F004C3319 /* Sources */ = {
			isa = PBXSourcesBuildPhase;
			buildActionMask = 2147483647;
			files = (
				BC3484812541C440004C3319 /* ViewController.swift in Sources */,
				BC34847D2541C440004C3319 /* AppDelegate.swift in Sources */,
				BCDBC1422545B1F4004F0113 /* PaddedLabel.swift in Sources */,
				BC34847F2541C440004C3319 /* SceneDelegate.swift in Sources */,
			);
			runOnlyForDeploymentPostprocessing = 0;
		};
/* End PBXSourcesBuildPhase section */

/* Begin PBXVariantGroup section */
		BC3484822541C440004C3319 /* Main.storyboard */ = {
			isa = PBXVariantGroup;
			children = (
				BC3484832541C440004C3319 /* Base */,
			);
			name = Main.storyboard;
			sourceTree = "<group>";
		};
		BC3484872541C440004C3319 /* LaunchScreen.storyboard */ = {
			isa = PBXVariantGroup;
			children = (
				BC3484882541C440004C3319 /* Base */,
			);
			name = LaunchScreen.storyboard;
			sourceTree = "<group>";
		};
/* End PBXVariantGroup section */

/* Begin XCBuildConfiguration section */
		BC34848B2541C440004C3319 /* Debug */ = {
			isa = XCBuildConfiguration;
			buildSettings = {
				ALWAYS_SEARCH_USER_PATHS = NO;
				CLANG_ANALYZER_NONNULL = YES;
				CLANG_ANALYZER_NUMBER_OBJECT_CONVERSION = YES_AGGRESSIVE;
				CLANG_CXX_LANGUAGE_STANDARD = "gnu++14";
				CLANG_CXX_LIBRARY = "libc++";
				CLANG_ENABLE_MODULES = YES;
				CLANG_ENABLE_OBJC_ARC = YES;
				CLANG_ENABLE_OBJC_WEAK = YES;
				CLANG_WARN_BLOCK_CAPTURE_AUTORELEASING = YES;
				CLANG_WARN_BOOL_CONVERSION = YES;
				CLANG_WARN_COMMA = YES;
				CLANG_WARN_CONSTANT_CONVERSION = YES;
				CLANG_WARN_DEPRECATED_OBJC_IMPLEMENTATIONS = YES;
				CLANG_WARN_DIRECT_OBJC_ISA_USAGE = YES_ERROR;
				CLANG_WARN_DOCUMENTATION_COMMENTS = YES;
				CLANG_WARN_EMPTY_BODY = YES;
				CLANG_WARN_ENUM_CONVERSION = YES;
				CLANG_WARN_INFINITE_RECURSION = YES;
				CLANG_WARN_INT_CONVERSION = YES;
				CLANG_WARN_NON_LITERAL_NULL_CONVERSION = YES;
				CLANG_WARN_OBJC_IMPLICIT_RETAIN_SELF = YES;
				CLANG_WARN_OBJC_LITERAL_CONVERSION = YES;
				CLANG_WARN_OBJC_ROOT_CLASS = YES_ERROR;
				CLANG_WARN_QUOTED_INCLUDE_IN_FRAMEWORK_HEADER = YES;
				CLANG_WARN_RANGE_LOOP_ANALYSIS = YES;
				CLANG_WARN_STRICT_PROTOTYPES = YES;
				CLANG_WARN_SUSPICIOUS_MOVE = YES;
				CLANG_WARN_UNGUARDED_AVAILABILITY = YES_AGGRESSIVE;
				CLANG_WARN_UNREACHABLE_CODE = YES;
				CLANG_WARN__DUPLICATE_METHOD_MATCH = YES;
				COPY_PHASE_STRIP = NO;
				DEBUG_INFORMATION_FORMAT = dwarf;
				ENABLE_STRICT_OBJC_MSGSEND = YES;
				ENABLE_TESTABILITY = YES;
				GCC_C_LANGUAGE_STANDARD = gnu11;
				GCC_DYNAMIC_NO_PIC = NO;
				GCC_NO_COMMON_BLOCKS = YES;
				GCC_OPTIMIZATION_LEVEL = 0;
				GCC_PREPROCESSOR_DEFINITIONS = (
					"DEBUG=1",
					"$(inherited)",
				);
				GCC_WARN_64_TO_32_BIT_CONVERSION = YES;
				GCC_WARN_ABOUT_RETURN_TYPE = YES_ERROR;
				GCC_WARN_UNDECLARED_SELECTOR = YES;
				GCC_WARN_UNINITIALIZED_AUTOS = YES_AGGRESSIVE;
				GCC_WARN_UNUSED_FUNCTION = YES;
				GCC_WARN_UNUSED_VARIABLE = YES;
				IPHONEOS_DEPLOYMENT_TARGET = 14.1;
				MTL_ENABLE_DEBUG_INFO = INCLUDE_SOURCE;
				MTL_FAST_MATH = YES;
				ONLY_ACTIVE_ARCH = YES;
				SDKROOT = iphoneos;
				SWIFT_ACTIVE_COMPILATION_CONDITIONS = DEBUG;
				SWIFT_OPTIMIZATION_LEVEL = "-Onone";
			};
			name = Debug;
		};
		BC34848C2541C440004C3319 /* Release */ = {
			isa = XCBuildConfiguration;
			buildSettings = {
				ALWAYS_SEARCH_USER_PATHS = NO;
				CLANG_ANALYZER_NONNULL = YES;
				CLANG_ANALYZER_NUMBER_OBJECT_CONVERSION = YES_AGGRESSIVE;
				CLANG_CXX_LANGUAGE_STANDARD = "gnu++14";
				CLANG_CXX_LIBRARY = "libc++";
				CLANG_ENABLE_MODULES = YES;
				CLANG_ENABLE_OBJC_ARC = YES;
				CLANG_ENABLE_OBJC_WEAK = YES;
				CLANG_WARN_BLOCK_CAPTURE_AUTORELEASING = YES;
				CLANG_WARN_BOOL_CONVERSION = YES;
				CLANG_WARN_COMMA = YES;
				CLANG_WARN_CONSTANT_CONVERSION = YES;
				CLANG_WARN_DEPRECATED_OBJC_IMPLEMENTATIONS = YES;
				CLANG_WARN_DIRECT_OBJC_ISA_USAGE = YES_ERROR;
				CLANG_WARN_DOCUMENTATION_COMMENTS = YES;
				CLANG_WARN_EMPTY_BODY = YES;
				CLANG_WARN_ENUM_CONVERSION = YES;
				CLANG_WARN_INFINITE_RECURSION = YES;
				CLANG_WARN_INT_CONVERSION = YES;
				CLANG_WARN_NON_LITERAL_NULL_CONVERSION = YES;
				CLANG_WARN_OBJC_IMPLICIT_RETAIN_SELF = YES;
				CLANG_WARN_OBJC_LITERAL_CONVERSION = YES;
				CLANG_WARN_OBJC_ROOT_CLASS = YES_ERROR;
				CLANG_WARN_QUOTED_INCLUDE_IN_FRAMEWORK_HEADER = YES;
				CLANG_WARN_RANGE_LOOP_ANALYSIS = YES;
				CLANG_WARN_STRICT_PROTOTYPES = YES;
				CLANG_WARN_SUSPICIOUS_MOVE = YES;
				CLANG_WARN_UNGUARDED_AVAILABILITY = YES_AGGRESSIVE;
				CLANG_WARN_UNREACHABLE_CODE = YES;
				CLANG_WARN__DUPLICATE_METHOD_MATCH = YES;
				COPY_PHASE_STRIP = NO;
				DEBUG_INFORMATION_FORMAT = "dwarf-with-dsym";
				ENABLE_NS_ASSERTIONS = NO;
				ENABLE_STRICT_OBJC_MSGSEND = YES;
				GCC_C_LANGUAGE_STANDARD = gnu11;
				GCC_NO_COMMON_BLOCKS = YES;
				GCC_WARN_64_TO_32_BIT_CONVERSION = YES;
				GCC_WARN_ABOUT_RETURN_TYPE = YES_ERROR;
				GCC_WARN_UNDECLARED_SELECTOR = YES;
				GCC_WARN_UNINITIALIZED_AUTOS = YES_AGGRESSIVE;
				GCC_WARN_UNUSED_FUNCTION = YES;
				GCC_WARN_UNUSED_VARIABLE = YES;
				IPHONEOS_DEPLOYMENT_TARGET = 14.1;
				MTL_ENABLE_DEBUG_INFO = NO;
				MTL_FAST_MATH = YES;
				SDKROOT = iphoneos;
				SWIFT_COMPILATION_MODE = wholemodule;
				SWIFT_OPTIMIZATION_LEVEL = "-O";
				VALIDATE_PRODUCT = YES;
			};
			name = Release;
		};
		BC34848E2541C440004C3319 /* Debug */ = {
			isa = XCBuildConfiguration;
			buildSettings = {
				ASSETCATALOG_COMPILER_APPICON_NAME = AppIcon;
				ASSETCATALOG_COMPILER_GLOBAL_ACCENT_COLOR_NAME = AccentColor;
				CODE_SIGN_STYLE = Automatic;
				DEVELOPMENT_TEAM = AC2UBA9RGZ;
				INFOPLIST_FILE = InstagramFeedcam/Info.plist;
				LD_RUNPATH_SEARCH_PATHS = (
					"$(inherited)",
					"@executable_path/Frameworks",
				);
				PRODUCT_BUNDLE_IDENTIFIER = kr.heo.InstagramFeedcam;
				PRODUCT_NAME = "$(TARGET_NAME)";
				SWIFT_VERSION = 5.0;
				TARGETED_DEVICE_FAMILY = "1,2";
			};
			name = Debug;
		};
		BC34848F2541C440004C3319 /* Release */ = {
			isa = XCBuildConfiguration;
			buildSettings = {
				ASSETCATALOG_COMPILER_APPICON_NAME = AppIcon;
				ASSETCATALOG_COMPILER_GLOBAL_ACCENT_COLOR_NAME = AccentColor;
				CODE_SIGN_STYLE = Automatic;
				DEVELOPMENT_TEAM = AC2UBA9RGZ;
				INFOPLIST_FILE = InstagramFeedcam/Info.plist;
				LD_RUNPATH_SEARCH_PATHS = (
					"$(inherited)",
					"@executable_path/Frameworks",
				);
				PRODUCT_BUNDLE_IDENTIFIER = kr.heo.InstagramFeedcam;
				PRODUCT_NAME = "$(TARGET_NAME)";
				SWIFT_VERSION = 5.0;
				TARGETED_DEVICE_FAMILY = "1,2";
			};
			name = Release;
		};
/* End XCBuildConfiguration section */

/* Begin XCConfigurationList section */
		BC3484742541C43F004C3319 /* Build configuration list for PBXProject "InstagramFeedcam" */ = {
			isa = XCConfigurationList;
			buildConfigurations = (
				BC34848B2541C440004C3319 /* Debug */,
				BC34848C2541C440004C3319 /* Release */,
			);
			defaultConfigurationIsVisible = 0;
			defaultConfigurationName = Release;
		};
		BC34848D2541C440004C3319 /* Build configuration list for PBXNativeTarget "InstagramFeedcam" */ = {
			isa = XCConfigurationList;
			buildConfigurations = (
				BC34848E2541C440004C3319 /* Debug */,
				BC34848F2541C440004C3319 /* Release */,
			);
			defaultConfigurationIsVisible = 0;
			defaultConfigurationName = Release;
		};
/* End XCConfigurationList section */
	};
	rootObject = BC3484712541C43F004C3319 /* Project object */;
}
