// !$*UTF8*$!
{
	archiveVersion = 1;
	classes = {
	};
	objectVersion = 50;
	objects = {

/* Begin PBXBuildFile section */
		BC4743CD24681FB3002FD248 /* AppDelegate.swift in Sources */ = {isa = PBXBuildFile; fileRef = BC4743CC24681FB3002FD248 /* AppDelegate.swift */; };
		BC4743CF24681FB3002FD248 /* SceneDelegate.swift in Sources */ = {isa = PBXBuildFile; fileRef = BC4743CE24681FB3002FD248 /* SceneDelegate.swift */; };
		BC4743D124681FB3002FD248 /* ViewController.swift in Sources */ = {isa = PBXBuildFile; fileRef = BC4743D024681FB3002FD248 /* ViewController.swift */; };
		BC4743D424681FB3002FD248 /* Main.storyboard in Resources */ = {isa = PBXBuildFile; fileRef = BC4743D224681FB3002FD248 /* Main.storyboard */; };
		BC4743D724681FB3002FD248 /* practice02.xcdatamodeld in Sources */ = {isa = PBXBuildFile; fileRef = BC4743D524681FB3002FD248 /* practice02.xcdatamodeld */; };
		BC4743D924681FB4002FD248 /* Assets.xcassets in Resources */ = {isa = PBXBuildFile; fileRef = BC4743D824681FB4002FD248 /* Assets.xcassets */; };
		BC4743DC24681FB4002FD248 /* LaunchScreen.storyboard in Resources */ = {isa = PBXBuildFile; fileRef = BC4743DA24681FB4002FD248 /* LaunchScreen.storyboard */; };
/* End PBXBuildFile section */

/* Begin PBXFileReference section */
		BC4743C924681FB3002FD248 /* practice02.app */ = {isa = PBXFileReference; explicitFileType = wrapper.application; includeInIndex = 0; path = practice02.app; sourceTree = BUILT_PRODUCTS_DIR; };
		BC4743CC24681FB3002FD248 /* AppDelegate.swift */ = {isa = PBXFileReference; lastKnownFileType = sourcecode.swift; path = AppDelegate.swift; sourceTree = "<group>"; };
		BC4743CE24681FB3002FD248 /* SceneDelegate.swift */ = {isa = PBXFileReference; lastKnownFileType = sourcecode.swift; path = SceneDelegate.swift; sourceTree = "<group>"; };
		BC4743D024681FB3002FD248 /* ViewController.swift */ = {isa = PBXFileReference; lastKnownFileType = sourcecode.swift; path = ViewController.swift; sourceTree = "<group>"; };
		BC4743D324681FB3002FD248 /* Base */ = {isa = PBXFileReference; lastKnownFileType = file.storyboard; name = Base; path = Base.lproj/Main.storyboard; sourceTree = "<group>"; };
		BC4743D624681FB3002FD248 /* practice02.xcdatamodel */ = {isa = PBXFileReference; lastKnownFileType = wrapper.xcdatamodel; path = practice02.xcdatamodel; sourceTree = "<group>"; };
		BC4743D824681FB4002FD248 /* Assets.xcassets */ = {isa = PBXFileReference; lastKnownFileType = folder.assetcatalog; path = Assets.xcassets; sourceTree = "<group>"; };
		BC4743DB24681FB4002FD248 /* Base */ = {isa = PBXFileReference; lastKnownFileType = file.storyboard; name = Base; path = Base.lproj/LaunchScreen.storyboard; sourceTree = "<group>"; };
		BC4743DD24681FB4002FD248 /* Info.plist */ = {isa = PBXFileReference; lastKnownFileType = text.plist.xml; path = Info.plist; sourceTree = "<group>"; };
/* End PBXFileReference section */

/* Begin PBXFrameworksBuildPhase section */
		BC4743C624681FB3002FD248 /* Frameworks */ = {
			isa = PBXFrameworksBuildPhase;
			buildActionMask = 2147483647;
			files = (
			);
			runOnlyForDeploymentPostprocessing = 0;
		};
/* End PBXFrameworksBuildPhase section */

/* Begin PBXGroup section */
		BC4743C024681FB3002FD248 = {
			isa = PBXGroup;
			children = (
				BC4743CB24681FB3002FD248 /* practice02 */,
				BC4743CA24681FB3002FD248 /* Products */,
			);
			sourceTree = "<group>";
		};
		BC4743CA24681FB3002FD248 /* Products */ = {
			isa = PBXGroup;
			children = (
				BC4743C924681FB3002FD248 /* practice02.app */,
			);
			name = Products;
			sourceTree = "<group>";
		};
		BC4743CB24681FB3002FD248 /* practice02 */ = {
			isa = PBXGroup;
			children = (
				BC4743CC24681FB3002FD248 /* AppDelegate.swift */,
				BC4743CE24681FB3002FD248 /* SceneDelegate.swift */,
				BC4743D024681FB3002FD248 /* ViewController.swift */,
				BC4743D224681FB3002FD248 /* Main.storyboard */,
				BC4743D824681FB4002FD248 /* Assets.xcassets */,
				BC4743DA24681FB4002FD248 /* LaunchScreen.storyboard */,
				BC4743DD24681FB4002FD248 /* Info.plist */,
				BC4743D524681FB3002FD248 /* practice02.xcdatamodeld */,
			);
			path = practice02;
			sourceTree = "<group>";
		};
/* End PBXGroup section */

/* Begin PBXNativeTarget section */
		BC4743C824681FB3002FD248 /* practice02 */ = {
			isa = PBXNativeTarget;
			buildConfigurationList = BC4743E024681FB4002FD248 /* Build configuration list for PBXNativeTarget "practice02" */;
			buildPhases = (
				BC4743C524681FB3002FD248 /* Sources */,
				BC4743C624681FB3002FD248 /* Frameworks */,
				BC4743C724681FB3002FD248 /* Resources */,
			);
			buildRules = (
			);
			dependencies = (
			);
			name = practice02;
			productName = practice02;
			productReference = BC4743C924681FB3002FD248 /* practice02.app */;
			productType = "com.apple.product-type.application";
		};
/* End PBXNativeTarget section */

/* Begin PBXProject section */
		BC4743C124681FB3002FD248 /* Project object */ = {
			isa = PBXProject;
			attributes = {
				LastSwiftUpdateCheck = 1140;
				LastUpgradeCheck = 1140;
				ORGANIZATIONNAME = jung;
				TargetAttributes = {
					BC4743C824681FB3002FD248 = {
						CreatedOnToolsVersion = 11.4.1;
					};
				};
			};
			buildConfigurationList = BC4743C424681FB3002FD248 /* Build configuration list for PBXProject "practice02" */;
			compatibilityVersion = "Xcode 9.3";
			developmentRegion = en;
			hasScannedForEncodings = 0;
			knownRegions = (
				en,
				Base,
			);
			mainGroup = BC4743C024681FB3002FD248;
			productRefGroup = BC4743CA24681FB3002FD248 /* Products */;
			projectDirPath = "";
			projectRoot = "";
			targets = (
				BC4743C824681FB3002FD248 /* practice02 */,
			);
		};
/* End PBXProject section */

/* Begin PBXResourcesBuildPhase section */
		BC4743C724681FB3002FD248 /* Resources */ = {
			isa = PBXResourcesBuildPhase;
			buildActionMask = 2147483647;
			files = (
				BC4743DC24681FB4002FD248 /* LaunchScreen.storyboard in Resources */,
				BC4743D924681FB4002FD248 /* Assets.xcassets in Resources */,
				BC4743D424681FB3002FD248 /* Main.storyboard in Resources */,
			);
			runOnlyForDeploymentPostprocessing = 0;
		};
/* End PBXResourcesBuildPhase section */

/* Begin PBXSourcesBuildPhase section */
		BC4743C524681FB3002FD248 /* Sources */ = {
			isa = PBXSourcesBuildPhase;
			buildActionMask = 2147483647;
			files = (
				BC4743D724681FB3002FD248 /* practice02.xcdatamodeld in Sources */,
				BC4743D124681FB3002FD248 /* ViewController.swift in Sources */,
				BC4743CD24681FB3002FD248 /* AppDelegate.swift in Sources */,
				BC4743CF24681FB3002FD248 /* SceneDelegate.swift in Sources */,
			);
			runOnlyForDeploymentPostprocessing = 0;
		};
/* End PBXSourcesBuildPhase section */

/* Begin PBXVariantGroup section */
		BC4743D224681FB3002FD248 /* Main.storyboard */ = {
			isa = PBXVariantGroup;
			children = (
				BC4743D324681FB3002FD248 /* Base */,
			);
			name = Main.storyboard;
			sourceTree = "<group>";
		};
		BC4743DA24681FB4002FD248 /* LaunchScreen.storyboard */ = {
			isa = PBXVariantGroup;
			children = (
				BC4743DB24681FB4002FD248 /* Base */,
			);
			name = LaunchScreen.storyboard;
			sourceTree = "<group>";
		};
/* End PBXVariantGroup section */

/* Begin XCBuildConfiguration section */
		BC4743DE24681FB4002FD248 /* Debug */ = {
			isa = XCBuildConfiguration;
			buildSettings = {
				ALWAYS_SEARCH_USER_PATHS = NO;
				CLANG_ANALYZER_NONNULL = YES;
				CLANG_ANALYZER_NUMBER_OBJECT_CONVERSION = YES_AGGRESSIVE;
				CLANG_CXX_LANGUAGE_STANDARD = "gnu++14";
				CLANG_CXX_LIBRARY = "libc++";
				CLANG_ENABLE_MODULES = YES;
				CLANG_ENABLE_OBJC_ARC = YES;
				CLANG_ENABLE_OBJC_WEAK = YES;
				CLANG_WARN_BLOCK_CAPTURE_AUTORELEASING = YES;
				CLANG_WARN_BOOL_CONVERSION = YES;
				CLANG_WARN_COMMA = YES;
				CLANG_WARN_CONSTANT_CONVERSION = YES;
				CLANG_WARN_DEPRECATED_OBJC_IMPLEMENTATIONS = YES;
				CLANG_WARN_DIRECT_OBJC_ISA_USAGE = YES_ERROR;
				CLANG_WARN_DOCUMENTATION_COMMENTS = YES;
				CLANG_WARN_EMPTY_BODY = YES;
				CLANG_WARN_ENUM_CONVERSION = YES;
				CLANG_WARN_INFINITE_RECURSION = YES;
				CLANG_WARN_INT_CONVERSION = YES;
				CLANG_WARN_NON_LITERAL_NULL_CONVERSION = YES;
				CLANG_WARN_OBJC_IMPLICIT_RETAIN_SELF = YES;
				CLANG_WARN_OBJC_LITERAL_CONVERSION = YES;
				CLANG_WARN_OBJC_ROOT_CLASS = YES_ERROR;
				CLANG_WARN_RANGE_LOOP_ANALYSIS = YES;
				CLANG_WARN_STRICT_PROTOTYPES = YES;
				CLANG_WARN_SUSPICIOUS_MOVE = YES;
				CLANG_WARN_UNGUARDED_AVAILABILITY = YES_AGGRESSIVE;
				CLANG_WARN_UNREACHABLE_CODE = YES;
				CLANG_WARN__DUPLICATE_METHOD_MATCH = YES;
				COPY_PHASE_STRIP = NO;
				DEBUG_INFORMATION_FORMAT = dwarf;
				ENABLE_STRICT_OBJC_MSGSEND = YES;
				ENABLE_TESTABILITY = YES;
				GCC_C_LANGUAGE_STANDARD = gnu11;
				GCC_DYNAMIC_NO_PIC = NO;
				GCC_NO_COMMON_BLOCKS = YES;
				GCC_OPTIMIZATION_LEVEL = 0;
				GCC_PREPROCESSOR_DEFINITIONS = (
					"DEBUG=1",
					"$(inherited)",
				);
				GCC_WARN_64_TO_32_BIT_CONVERSION = YES;
				GCC_WARN_ABOUT_RETURN_TYPE = YES_ERROR;
				GCC_WARN_UNDECLARED_SELECTOR = YES;
				GCC_WARN_UNINITIALIZED_AUTOS = YES_AGGRESSIVE;
				GCC_WARN_UNUSED_FUNCTION = YES;
				GCC_WARN_UNUSED_VARIABLE = YES;
				IPHONEOS_DEPLOYMENT_TARGET = 13.4;
				MTL_ENABLE_DEBUG_INFO = INCLUDE_SOURCE;
				MTL_FAST_MATH = YES;
				ONLY_ACTIVE_ARCH = YES;
				SDKROOT = iphoneos;
				SWIFT_ACTIVE_COMPILATION_CONDITIONS = DEBUG;
				SWIFT_OPTIMIZATION_LEVEL = "-Onone";
			};
			name = Debug;
		};
		BC4743DF24681FB4002FD248 /* Release */ = {
			isa = XCBuildConfiguration;
			buildSettings = {
				ALWAYS_SEARCH_USER_PATHS = NO;
				CLANG_ANALYZER_NONNULL = YES;
				CLANG_ANALYZER_NUMBER_OBJECT_CONVERSION = YES_AGGRESSIVE;
				CLANG_CXX_LANGUAGE_STANDARD = "gnu++14";
				CLANG_CXX_LIBRARY = "libc++";
				CLANG_ENABLE_MODULES = YES;
				CLANG_ENABLE_OBJC_ARC = YES;
				CLANG_ENABLE_OBJC_WEAK = YES;
				CLANG_WARN_BLOCK_CAPTURE_AUTORELEASING = YES;
				CLANG_WARN_BOOL_CONVERSION = YES;
				CLANG_WARN_COMMA = YES;
				CLANG_WARN_CONSTANT_CONVERSION = YES;
				CLANG_WARN_DEPRECATED_OBJC_IMPLEMENTATIONS = YES;
				CLANG_WARN_DIRECT_OBJC_ISA_USAGE = YES_ERROR;
				CLANG_WARN_DOCUMENTATION_COMMENTS = YES;
				CLANG_WARN_EMPTY_BODY = YES;
				CLANG_WARN_ENUM_CONVERSION = YES;
				CLANG_WARN_INFINITE_RECURSION = YES;
				CLANG_WARN_INT_CONVERSION = YES;
				CLANG_WARN_NON_LITERAL_NULL_CONVERSION = YES;
				CLANG_WARN_OBJC_IMPLICIT_RETAIN_SELF = YES;
				CLANG_WARN_OBJC_LITERAL_CONVERSION = YES;
				CLANG_WARN_OBJC_ROOT_CLASS = YES_ERROR;
				CLANG_WARN_RANGE_LOOP_ANALYSIS = YES;
				CLANG_WARN_STRICT_PROTOTYPES = YES;
				CLANG_WARN_SUSPICIOUS_MOVE = YES;
				CLANG_WARN_UNGUARDED_AVAILABILITY = YES_AGGRESSIVE;
				CLANG_WARN_UNREACHABLE_CODE = YES;
				CLANG_WARN__DUPLICATE_METHOD_MATCH = YES;
				COPY_PHASE_STRIP = NO;
				DEBUG_INFORMATION_FORMAT = "dwarf-with-dsym";
				ENABLE_NS_ASSERTIONS = NO;
				ENABLE_STRICT_OBJC_MSGSEND = YES;
				GCC_C_LANGUAGE_STANDARD = gnu11;
				GCC_NO_COMMON_BLOCKS = YES;
				GCC_WARN_64_TO_32_BIT_CONVERSION = YES;
				GCC_WARN_ABOUT_RETURN_TYPE = YES_ERROR;
				GCC_WARN_UNDECLARED_SELECTOR = YES;
				GCC_WARN_UNINITIALIZED_AUTOS = YES_AGGRESSIVE;
				GCC_WARN_UNUSED_FUNCTION = YES;
				GCC_WARN_UNUSED_VARIABLE = YES;
				IPHONEOS_DEPLOYMENT_TARGET = 13.4;
				MTL_ENABLE_DEBUG_INFO = NO;
				MTL_FAST_MATH = YES;
				SDKROOT = iphoneos;
				SWIFT_COMPILATION_MODE = wholemodule;
				SWIFT_OPTIMIZATION_LEVEL = "-O";
				VALIDATE_PRODUCT = YES;
			};
			name = Release;
		};
		BC4743E124681FB4002FD248 /* Debug */ = {
			isa = XCBuildConfiguration;
			buildSettings = {
				ASSETCATALOG_COMPILER_APPICON_NAME = AppIcon;
				CODE_SIGN_STYLE = Automatic;
				DEVELOPMENT_TEAM = AC2UBA9RGZ;
				INFOPLIST_FILE = practice02/Info.plist;
				LD_RUNPATH_SEARCH_PATHS = (
					"$(inherited)",
					"@executable_path/Frameworks",
				);
				PRODUCT_BUNDLE_IDENTIFIER = kr.heo.practice02;
				PRODUCT_NAME = "$(TARGET_NAME)";
				SWIFT_VERSION = 5.0;
				TARGETED_DEVICE_FAMILY = "1,2";
			};
			name = Debug;
		};
		BC4743E224681FB4002FD248 /* Release */ = {
			isa = XCBuildConfiguration;
			buildSettings = {
				ASSETCATALOG_COMPILER_APPICON_NAME = AppIcon;
				CODE_SIGN_STYLE = Automatic;
				DEVELOPMENT_TEAM = AC2UBA9RGZ;
				INFOPLIST_FILE = practice02/Info.plist;
				LD_RUNPATH_SEARCH_PATHS = (
					"$(inherited)",
					"@executable_path/Frameworks",
				);
				PRODUCT_BUNDLE_IDENTIFIER = kr.heo.practice02;
				PRODUCT_NAME = "$(TARGET_NAME)";
				SWIFT_VERSION = 5.0;
				TARGETED_DEVICE_FAMILY = "1,2";
			};
			name = Release;
		};
/* End XCBuildConfiguration section */

/* Begin XCConfigurationList section */
		BC4743C424681FB3002FD248 /* Build configuration list for PBXProject "practice02" */ = {
			isa = XCConfigurationList;
			buildConfigurations = (
				BC4743DE24681FB4002FD248 /* Debug */,
				BC4743DF24681FB4002FD248 /* Release */,
			);
			defaultConfigurationIsVisible = 0;
			defaultConfigurationName = Release;
		};
		BC4743E024681FB4002FD248 /* Build configuration list for PBXNativeTarget "practice02" */ = {
			isa = XCConfigurationList;
			buildConfigurations = (
				BC4743E124681FB4002FD248 /* Debug */,
				BC4743E224681FB4002FD248 /* Release */,
			);
			defaultConfigurationIsVisible = 0;
			defaultConfigurationName = Release;
		};
/* End XCConfigurationList section */

/* Begin XCVersionGroup section */
		BC4743D524681FB3002FD248 /* practice02.xcdatamodeld */ = {
			isa = XCVersionGroup;
			children = (
				BC4743D624681FB3002FD248 /* practice02.xcdatamodel */,
			);
			currentVersion = BC4743D624681FB3002FD248 /* practice02.xcdatamodel */;
			path = practice02.xcdatamodeld;
			sourceTree = "<group>";
			versionGroupType = wrapper.xcdatamodel;
		};
/* End XCVersionGroup section */
	};
	rootObject = BC4743C124681FB3002FD248 /* Project object */;
}
