// !$*UTF8*$!
{
	archiveVersion = 1;
	classes = {
	};
	objectVersion = 50;
	objects = {

/* Begin PBXBuildFile section */
		1223151B3F0D173EABAC7E5D /* Pods_Firebase101.framework in Frameworks */ = {isa = PBXBuildFile; fileRef = E2466446D019414E683D044E /* Pods_Firebase101.framework */; };
		BC6FC6A525013244009CB842 /* AppDelegate.swift in Sources */ = {isa = PBXBuildFile; fileRef = BC6FC6A425013244009CB842 /* AppDelegate.swift */; };
		BC6FC6A725013244009CB842 /* SceneDelegate.swift in Sources */ = {isa = PBXBuildFile; fileRef = BC6FC6A625013244009CB842 /* SceneDelegate.swift */; };
		BC6FC6A925013244009CB842 /* ViewController.swift in Sources */ = {isa = PBXBuildFile; fileRef = BC6FC6A825013244009CB842 /* ViewController.swift */; };
		BC6FC6AC25013244009CB842 /* Main.storyboard in Resources */ = {isa = PBXBuildFile; fileRef = BC6FC6AA25013244009CB842 /* Main.storyboard */; };
		BC6FC6AE25013246009CB842 /* Assets.xcassets in Resources */ = {isa = PBXBuildFile; fileRef = BC6FC6AD25013246009CB842 /* Assets.xcassets */; };
		BC6FC6B125013246009CB842 /* LaunchScreen.storyboard in Resources */ = {isa = PBXBuildFile; fileRef = BC6FC6AF25013246009CB842 /* LaunchScreen.storyboard */; };
		BC6FC6B925013315009CB842 /* GoogleService-Info.plist in Resources */ = {isa = PBXBuildFile; fileRef = BC6FC6B825013315009CB842 /* GoogleService-Info.plist */; };
/* End PBXBuildFile section */

/* Begin PBXFileReference section */
		0ABA2A5697895B77FD69F011 /* Pods-Firebase101.debug.xcconfig */ = {isa = PBXFileReference; includeInIndex = 1; lastKnownFileType = text.xcconfig; name = "Pods-Firebase101.debug.xcconfig"; path = "Target Support Files/Pods-Firebase101/Pods-Firebase101.debug.xcconfig"; sourceTree = "<group>"; };
		72CBB64DDDBE8708BA44A0E6 /* Pods-Firebase101.release.xcconfig */ = {isa = PBXFileReference; includeInIndex = 1; lastKnownFileType = text.xcconfig; name = "Pods-Firebase101.release.xcconfig"; path = "Target Support Files/Pods-Firebase101/Pods-Firebase101.release.xcconfig"; sourceTree = "<group>"; };
		BC6FC6A125013244009CB842 /* Firebase101.app */ = {isa = PBXFileReference; explicitFileType = wrapper.application; includeInIndex = 0; path = Firebase101.app; sourceTree = BUILT_PRODUCTS_DIR; };
		BC6FC6A425013244009CB842 /* AppDelegate.swift */ = {isa = PBXFileReference; lastKnownFileType = sourcecode.swift; path = AppDelegate.swift; sourceTree = "<group>"; };
		BC6FC6A625013244009CB842 /* SceneDelegate.swift */ = {isa = PBXFileReference; lastKnownFileType = sourcecode.swift; path = SceneDelegate.swift; sourceTree = "<group>"; };
		BC6FC6A825013244009CB842 /* ViewController.swift */ = {isa = PBXFileReference; lastKnownFileType = sourcecode.swift; path = ViewController.swift; sourceTree = "<group>"; };
		BC6FC6AB25013244009CB842 /* Base */ = {isa = PBXFileReference; lastKnownFileType = file.storyboard; name = Base; path = Base.lproj/Main.storyboard; sourceTree = "<group>"; };
		BC6FC6AD25013246009CB842 /* Assets.xcassets */ = {isa = PBXFileReference; lastKnownFileType = folder.assetcatalog; path = Assets.xcassets; sourceTree = "<group>"; };
		BC6FC6B025013246009CB842 /* Base */ = {isa = PBXFileReference; lastKnownFileType = file.storyboard; name = Base; path = Base.lproj/LaunchScreen.storyboard; sourceTree = "<group>"; };
		BC6FC6B225013246009CB842 /* Info.plist */ = {isa = PBXFileReference; lastKnownFileType = text.plist.xml; path = Info.plist; sourceTree = "<group>"; };
		BC6FC6B825013315009CB842 /* GoogleService-Info.plist */ = {isa = PBXFileReference; fileEncoding = 4; lastKnownFileType = text.plist.xml; name = "GoogleService-Info.plist"; path = "../../GoogleService-Info.plist"; sourceTree = "<group>"; };
		E2466446D019414E683D044E /* Pods_Firebase101.framework */ = {isa = PBXFileReference; explicitFileType = wrapper.framework; includeInIndex = 0; path = Pods_Firebase101.framework; sourceTree = BUILT_PRODUCTS_DIR; };
/* End PBXFileReference section */

/* Begin PBXFrameworksBuildPhase section */
		BC6FC69E25013244009CB842 /* Frameworks */ = {
			isa = PBXFrameworksBuildPhase;
			buildActionMask = 2147483647;
			files = (
				1223151B3F0D173EABAC7E5D /* Pods_Firebase101.framework in Frameworks */,
			);
			runOnlyForDeploymentPostprocessing = 0;
		};
/* End PBXFrameworksBuildPhase section */

/* Begin PBXGroup section */
		89B8DF423F0EAEF9C9BF845B /* Frameworks */ = {
			isa = PBXGroup;
			children = (
				E2466446D019414E683D044E /* Pods_Firebase101.framework */,
			);
			name = Frameworks;
			sourceTree = "<group>";
		};
		BC6FC69825013244009CB842 = {
			isa = PBXGroup;
			children = (
				BC6FC6A325013244009CB842 /* Firebase101 */,
				BC6FC6A225013244009CB842 /* Products */,
				C5B0FCF0A04664606CA1E2A3 /* Pods */,
				89B8DF423F0EAEF9C9BF845B /* Frameworks */,
			);
			sourceTree = "<group>";
		};
		BC6FC6A225013244009CB842 /* Products */ = {
			isa = PBXGroup;
			children = (
				BC6FC6A125013244009CB842 /* Firebase101.app */,
			);
			name = Products;
			sourceTree = "<group>";
		};
		BC6FC6A325013244009CB842 /* Firebase101 */ = {
			isa = PBXGroup;
			children = (
				BC6FC6B825013315009CB842 /* GoogleService-Info.plist */,
				BC6FC6A425013244009CB842 /* AppDelegate.swift */,
				BC6FC6A625013244009CB842 /* SceneDelegate.swift */,
				BC6FC6A825013244009CB842 /* ViewController.swift */,
				BC6FC6AA25013244009CB842 /* Main.storyboard */,
				BC6FC6AD25013246009CB842 /* Assets.xcassets */,
				BC6FC6AF25013246009CB842 /* LaunchScreen.storyboard */,
				BC6FC6B225013246009CB842 /* Info.plist */,
			);
			path = Firebase101;
			sourceTree = "<group>";
		};
		C5B0FCF0A04664606CA1E2A3 /* Pods */ = {
			isa = PBXGroup;
			children = (
				0ABA2A5697895B77FD69F011 /* Pods-Firebase101.debug.xcconfig */,
				72CBB64DDDBE8708BA44A0E6 /* Pods-Firebase101.release.xcconfig */,
			);
			name = Pods;
			path = Pods;
			sourceTree = "<group>";
		};
/* End PBXGroup section */

/* Begin PBXNativeTarget section */
		BC6FC6A025013244009CB842 /* Firebase101 */ = {
			isa = PBXNativeTarget;
			buildConfigurationList = BC6FC6B525013246009CB842 /* Build configuration list for PBXNativeTarget "Firebase101" */;
			buildPhases = (
				AF1353428BD3AB000F382197 /* [CP] Check Pods Manifest.lock */,
				BC6FC69D25013244009CB842 /* Sources */,
				BC6FC69E25013244009CB842 /* Frameworks */,
				BC6FC69F25013244009CB842 /* Resources */,
				92551D99755E5A46C2C7A3D3 /* [CP] Embed Pods Frameworks */,
			);
			buildRules = (
			);
			dependencies = (
			);
			name = Firebase101;
			productName = Firebase101;
			productReference = BC6FC6A125013244009CB842 /* Firebase101.app */;
			productType = "com.apple.product-type.application";
		};
/* End PBXNativeTarget section */

/* Begin PBXProject section */
		BC6FC69925013244009CB842 /* Project object */ = {
			isa = PBXProject;
			attributes = {
				LastSwiftUpdateCheck = 1170;
				LastUpgradeCheck = 1170;
				ORGANIZATIONNAME = jung;
				TargetAttributes = {
					BC6FC6A025013244009CB842 = {
						CreatedOnToolsVersion = 11.7;
					};
				};
			};
			buildConfigurationList = BC6FC69C25013244009CB842 /* Build configuration list for PBXProject "Firebase101" */;
			compatibilityVersion = "Xcode 9.3";
			developmentRegion = en;
			hasScannedForEncodings = 0;
			knownRegions = (
				en,
				Base,
			);
			mainGroup = BC6FC69825013244009CB842;
			productRefGroup = BC6FC6A225013244009CB842 /* Products */;
			projectDirPath = "";
			projectRoot = "";
			targets = (
				BC6FC6A025013244009CB842 /* Firebase101 */,
			);
		};
/* End PBXProject section */

/* Begin PBXResourcesBuildPhase section */
		BC6FC69F25013244009CB842 /* Resources */ = {
			isa = PBXResourcesBuildPhase;
			buildActionMask = 2147483647;
			files = (
				BC6FC6B125013246009CB842 /* LaunchScreen.storyboard in Resources */,
				BC6FC6B925013315009CB842 /* GoogleService-Info.plist in Resources */,
				BC6FC6AE25013246009CB842 /* Assets.xcassets in Resources */,
				BC6FC6AC25013244009CB842 /* Main.storyboard in Resources */,
			);
			runOnlyForDeploymentPostprocessing = 0;
		};
/* End PBXResourcesBuildPhase section */

/* Begin PBXShellScriptBuildPhase section */
		92551D99755E5A46C2C7A3D3 /* [CP] Embed Pods Frameworks */ = {
			isa = PBXShellScriptBuildPhase;
			buildActionMask = 2147483647;
			files = (
			);
			inputFileListPaths = (
				"${PODS_ROOT}/Target Support Files/Pods-Firebase101/Pods-Firebase101-frameworks-${CONFIGURATION}-input-files.xcfilelist",
			);
			name = "[CP] Embed Pods Frameworks";
			outputFileListPaths = (
				"${PODS_ROOT}/Target Support Files/Pods-Firebase101/Pods-Firebase101-frameworks-${CONFIGURATION}-output-files.xcfilelist",
			);
			runOnlyForDeploymentPostprocessing = 0;
			shellPath = /bin/sh;
			shellScript = "\"${PODS_ROOT}/Target Support Files/Pods-Firebase101/Pods-Firebase101-frameworks.sh\"\n";
			showEnvVarsInLog = 0;
		};
		AF1353428BD3AB000F382197 /* [CP] Check Pods Manifest.lock */ = {
			isa = PBXShellScriptBuildPhase;
			buildActionMask = 2147483647;
			files = (
			);
			inputFileListPaths = (
			);
			inputPaths = (
				"${PODS_PODFILE_DIR_PATH}/Podfile.lock",
				"${PODS_ROOT}/Manifest.lock",
			);
			name = "[CP] Check Pods Manifest.lock";
			outputFileListPaths = (
			);
			outputPaths = (
				"$(DERIVED_FILE_DIR)/Pods-Firebase101-checkManifestLockResult.txt",
			);
			runOnlyForDeploymentPostprocessing = 0;
			shellPath = /bin/sh;
			shellScript = "diff \"${PODS_PODFILE_DIR_PATH}/Podfile.lock\" \"${PODS_ROOT}/Manifest.lock\" > /dev/null\nif [ $? != 0 ] ; then\n    # print error to STDERR\n    echo \"error: The sandbox is not in sync with the Podfile.lock. Run 'pod install' or update your CocoaPods installation.\" >&2\n    exit 1\nfi\n# This output is used by Xcode 'outputs' to avoid re-running this script phase.\necho \"SUCCESS\" > \"${SCRIPT_OUTPUT_FILE_0}\"\n";
			showEnvVarsInLog = 0;
		};
/* End PBXShellScriptBuildPhase section */

/* Begin PBXSourcesBuildPhase section */
		BC6FC69D25013244009CB842 /* Sources */ = {
			isa = PBXSourcesBuildPhase;
			buildActionMask = 2147483647;
			files = (
				BC6FC6A925013244009CB842 /* ViewController.swift in Sources */,
				BC6FC6A525013244009CB842 /* AppDelegate.swift in Sources */,
				BC6FC6A725013244009CB842 /* SceneDelegate.swift in Sources */,
			);
			runOnlyForDeploymentPostprocessing = 0;
		};
/* End PBXSourcesBuildPhase section */

/* Begin PBXVariantGroup section */
		BC6FC6AA25013244009CB842 /* Main.storyboard */ = {
			isa = PBXVariantGroup;
			children = (
				BC6FC6AB25013244009CB842 /* Base */,
			);
			name = Main.storyboard;
			sourceTree = "<group>";
		};
		BC6FC6AF25013246009CB842 /* LaunchScreen.storyboard */ = {
			isa = PBXVariantGroup;
			children = (
				BC6FC6B025013246009CB842 /* Base */,
			);
			name = LaunchScreen.storyboard;
			sourceTree = "<group>";
		};
/* End PBXVariantGroup section */

/* Begin XCBuildConfiguration section */
		BC6FC6B325013246009CB842 /* Debug */ = {
			isa = XCBuildConfiguration;
			buildSettings = {
				ALWAYS_SEARCH_USER_PATHS = NO;
				CLANG_ANALYZER_NONNULL = YES;
				CLANG_ANALYZER_NUMBER_OBJECT_CONVERSION = YES_AGGRESSIVE;
				CLANG_CXX_LANGUAGE_STANDARD = "gnu++14";
				CLANG_CXX_LIBRARY = "libc++";
				CLANG_ENABLE_MODULES = YES;
				CLANG_ENABLE_OBJC_ARC = YES;
				CLANG_ENABLE_OBJC_WEAK = YES;
				CLANG_WARN_BLOCK_CAPTURE_AUTORELEASING = YES;
				CLANG_WARN_BOOL_CONVERSION = YES;
				CLANG_WARN_COMMA = YES;
				CLANG_WARN_CONSTANT_CONVERSION = YES;
				CLANG_WARN_DEPRECATED_OBJC_IMPLEMENTATIONS = YES;
				CLANG_WARN_DIRECT_OBJC_ISA_USAGE = YES_ERROR;
				CLANG_WARN_DOCUMENTATION_COMMENTS = YES;
				CLANG_WARN_EMPTY_BODY = YES;
				CLANG_WARN_ENUM_CONVERSION = YES;
				CLANG_WARN_INFINITE_RECURSION = YES;
				CLANG_WARN_INT_CONVERSION = YES;
				CLANG_WARN_NON_LITERAL_NULL_CONVERSION = YES;
				CLANG_WARN_OBJC_IMPLICIT_RETAIN_SELF = YES;
				CLANG_WARN_OBJC_LITERAL_CONVERSION = YES;
				CLANG_WARN_OBJC_ROOT_CLASS = YES_ERROR;
				CLANG_WARN_RANGE_LOOP_ANALYSIS = YES;
				CLANG_WARN_STRICT_PROTOTYPES = YES;
				CLANG_WARN_SUSPICIOUS_MOVE = YES;
				CLANG_WARN_UNGUARDED_AVAILABILITY = YES_AGGRESSIVE;
				CLANG_WARN_UNREACHABLE_CODE = YES;
				CLANG_WARN__DUPLICATE_METHOD_MATCH = YES;
				COPY_PHASE_STRIP = NO;
				DEBUG_INFORMATION_FORMAT = dwarf;
				ENABLE_STRICT_OBJC_MSGSEND = YES;
				ENABLE_TESTABILITY = YES;
				GCC_C_LANGUAGE_STANDARD = gnu11;
				GCC_DYNAMIC_NO_PIC = NO;
				GCC_NO_COMMON_BLOCKS = YES;
				GCC_OPTIMIZATION_LEVEL = 0;
				GCC_PREPROCESSOR_DEFINITIONS = (
					"DEBUG=1",
					"$(inherited)",
				);
				GCC_WARN_64_TO_32_BIT_CONVERSION = YES;
				GCC_WARN_ABOUT_RETURN_TYPE = YES_ERROR;
				GCC_WARN_UNDECLARED_SELECTOR = YES;
				GCC_WARN_UNINITIALIZED_AUTOS = YES_AGGRESSIVE;
				GCC_WARN_UNUSED_FUNCTION = YES;
				GCC_WARN_UNUSED_VARIABLE = YES;
				IPHONEOS_DEPLOYMENT_TARGET = 13.7;
				MTL_ENABLE_DEBUG_INFO = INCLUDE_SOURCE;
				MTL_FAST_MATH = YES;
				ONLY_ACTIVE_ARCH = YES;
				SDKROOT = iphoneos;
				SWIFT_ACTIVE_COMPILATION_CONDITIONS = DEBUG;
				SWIFT_OPTIMIZATION_LEVEL = "-Onone";
			};
			name = Debug;
		};
		BC6FC6B425013246009CB842 /* Release */ = {
			isa = XCBuildConfiguration;
			buildSettings = {
				ALWAYS_SEARCH_USER_PATHS = NO;
				CLANG_ANALYZER_NONNULL = YES;
				CLANG_ANALYZER_NUMBER_OBJECT_CONVERSION = YES_AGGRESSIVE;
				CLANG_CXX_LANGUAGE_STANDARD = "gnu++14";
				CLANG_CXX_LIBRARY = "libc++";
				CLANG_ENABLE_MODULES = YES;
				CLANG_ENABLE_OBJC_ARC = YES;
				CLANG_ENABLE_OBJC_WEAK = YES;
				CLANG_WARN_BLOCK_CAPTURE_AUTORELEASING = YES;
				CLANG_WARN_BOOL_CONVERSION = YES;
				CLANG_WARN_COMMA = YES;
				CLANG_WARN_CONSTANT_CONVERSION = YES;
				CLANG_WARN_DEPRECATED_OBJC_IMPLEMENTATIONS = YES;
				CLANG_WARN_DIRECT_OBJC_ISA_USAGE = YES_ERROR;
				CLANG_WARN_DOCUMENTATION_COMMENTS = YES;
				CLANG_WARN_EMPTY_BODY = YES;
				CLANG_WARN_ENUM_CONVERSION = YES;
				CLANG_WARN_INFINITE_RECURSION = YES;
				CLANG_WARN_INT_CONVERSION = YES;
				CLANG_WARN_NON_LITERAL_NULL_CONVERSION = YES;
				CLANG_WARN_OBJC_IMPLICIT_RETAIN_SELF = YES;
				CLANG_WARN_OBJC_LITERAL_CONVERSION = YES;
				CLANG_WARN_OBJC_ROOT_CLASS = YES_ERROR;
				CLANG_WARN_RANGE_LOOP_ANALYSIS = YES;
				CLANG_WARN_STRICT_PROTOTYPES = YES;
				CLANG_WARN_SUSPICIOUS_MOVE = YES;
				CLANG_WARN_UNGUARDED_AVAILABILITY = YES_AGGRESSIVE;
				CLANG_WARN_UNREACHABLE_CODE = YES;
				CLANG_WARN__DUPLICATE_METHOD_MATCH = YES;
				COPY_PHASE_STRIP = NO;
				DEBUG_INFORMATION_FORMAT = "dwarf-with-dsym";
				ENABLE_NS_ASSERTIONS = NO;
				ENABLE_STRICT_OBJC_MSGSEND = YES;
				GCC_C_LANGUAGE_STANDARD = gnu11;
				GCC_NO_COMMON_BLOCKS = YES;
				GCC_WARN_64_TO_32_BIT_CONVERSION = YES;
				GCC_WARN_ABOUT_RETURN_TYPE = YES_ERROR;
				GCC_WARN_UNDECLARED_SELECTOR = YES;
				GCC_WARN_UNINITIALIZED_AUTOS = YES_AGGRESSIVE;
				GCC_WARN_UNUSED_FUNCTION = YES;
				GCC_WARN_UNUSED_VARIABLE = YES;
				IPHONEOS_DEPLOYMENT_TARGET = 13.7;
				MTL_ENABLE_DEBUG_INFO = NO;
				MTL_FAST_MATH = YES;
				SDKROOT = iphoneos;
				SWIFT_COMPILATION_MODE = wholemodule;
				SWIFT_OPTIMIZATION_LEVEL = "-O";
				VALIDATE_PRODUCT = YES;
			};
			name = Release;
		};
		BC6FC6B625013246009CB842 /* Debug */ = {
			isa = XCBuildConfiguration;
			baseConfigurationReference = 0ABA2A5697895B77FD69F011 /* Pods-Firebase101.debug.xcconfig */;
			buildSettings = {
				ASSETCATALOG_COMPILER_APPICON_NAME = AppIcon;
				CODE_SIGN_STYLE = Automatic;
				DEVELOPMENT_TEAM = AC2UBA9RGZ;
				INFOPLIST_FILE = Firebase101/Info.plist;
				LD_RUNPATH_SEARCH_PATHS = (
					"$(inherited)",
					"@executable_path/Frameworks",
				);
				PRODUCT_BUNDLE_IDENTIFIER = kr.heo.Firebase101;
				PRODUCT_NAME = "$(TARGET_NAME)";
				SWIFT_VERSION = 5.0;
				TARGETED_DEVICE_FAMILY = "1,2";
			};
			name = Debug;
		};
		BC6FC6B725013246009CB842 /* Release */ = {
			isa = XCBuildConfiguration;
			baseConfigurationReference = 72CBB64DDDBE8708BA44A0E6 /* Pods-Firebase101.release.xcconfig */;
			buildSettings = {
				ASSETCATALOG_COMPILER_APPICON_NAME = AppIcon;
				CODE_SIGN_STYLE = Automatic;
				DEVELOPMENT_TEAM = AC2UBA9RGZ;
				INFOPLIST_FILE = Firebase101/Info.plist;
				LD_RUNPATH_SEARCH_PATHS = (
					"$(inherited)",
					"@executable_path/Frameworks",
				);
				PRODUCT_BUNDLE_IDENTIFIER = kr.heo.Firebase101;
				PRODUCT_NAME = "$(TARGET_NAME)";
				SWIFT_VERSION = 5.0;
				TARGETED_DEVICE_FAMILY = "1,2";
			};
			name = Release;
		};
/* End XCBuildConfiguration section */

/* Begin XCConfigurationList section */
		BC6FC69C25013244009CB842 /* Build configuration list for PBXProject "Firebase101" */ = {
			isa = XCConfigurationList;
			buildConfigurations = (
				BC6FC6B325013246009CB842 /* Debug */,
				BC6FC6B425013246009CB842 /* Release */,
			);
			defaultConfigurationIsVisible = 0;
			defaultConfigurationName = Release;
		};
		BC6FC6B525013246009CB842 /* Build configuration list for PBXNativeTarget "Firebase101" */ = {
			isa = XCConfigurationList;
			buildConfigurations = (
				BC6FC6B625013246009CB842 /* Debug */,
				BC6FC6B725013246009CB842 /* Release */,
			);
			defaultConfigurationIsVisible = 0;
			defaultConfigurationName = Release;
		};
/* End XCConfigurationList section */
	};
	rootObject = BC6FC69925013244009CB842 /* Project object */;
}
