// !$*UTF8*$!
{
	archiveVersion = 1;
	classes = {
	};
	objectVersion = 50;
	objects = {

/* Begin PBXBuildFile section */
		BC5CEC79250F9FA600F1C623 /* AppDelegate.swift in Sources */ = {isa = PBXBuildFile; fileRef = BC5CEC78250F9FA600F1C623 /* AppDelegate.swift */; };
		BC5CEC7B250F9FA600F1C623 /* SceneDelegate.swift in Sources */ = {isa = PBXBuildFile; fileRef = BC5CEC7A250F9FA600F1C623 /* SceneDelegate.swift */; };
		BC5CEC7D250F9FA600F1C623 /* ViewController.swift in Sources */ = {isa = PBXBuildFile; fileRef = BC5CEC7C250F9FA600F1C623 /* ViewController.swift */; };
		BC5CEC80250F9FA600F1C623 /* Main.storyboard in Resources */ = {isa = PBXBuildFile; fileRef = BC5CEC7E250F9FA600F1C623 /* Main.storyboard */; };
		BC5CEC82250F9FA700F1C623 /* Assets.xcassets in Resources */ = {isa = PBXBuildFile; fileRef = BC5CEC81250F9FA700F1C623 /* Assets.xcassets */; };
		BC5CEC85250F9FA700F1C623 /* LaunchScreen.storyboard in Resources */ = {isa = PBXBuildFile; fileRef = BC5CEC83250F9FA700F1C623 /* LaunchScreen.storyboard */; };
/* End PBXBuildFile section */

/* Begin PBXFileReference section */
		BC5CEC75250F9FA600F1C623 /* CustomFont.app */ = {isa = PBXFileReference; explicitFileType = wrapper.application; includeInIndex = 0; path = CustomFont.app; sourceTree = BUILT_PRODUCTS_DIR; };
		BC5CEC78250F9FA600F1C623 /* AppDelegate.swift */ = {isa = PBXFileReference; lastKnownFileType = sourcecode.swift; path = AppDelegate.swift; sourceTree = "<group>"; };
		BC5CEC7A250F9FA600F1C623 /* SceneDelegate.swift */ = {isa = PBXFileReference; lastKnownFileType = sourcecode.swift; path = SceneDelegate.swift; sourceTree = "<group>"; };
		BC5CEC7C250F9FA600F1C623 /* ViewController.swift */ = {isa = PBXFileReference; lastKnownFileType = sourcecode.swift; path = ViewController.swift; sourceTree = "<group>"; };
		BC5CEC7F250F9FA600F1C623 /* Base */ = {isa = PBXFileReference; lastKnownFileType = file.storyboard; name = Base; path = Base.lproj/Main.storyboard; sourceTree = "<group>"; };
		BC5CEC81250F9FA700F1C623 /* Assets.xcassets */ = {isa = PBXFileReference; lastKnownFileType = folder.assetcatalog; path = Assets.xcassets; sourceTree = "<group>"; };
		BC5CEC84250F9FA700F1C623 /* Base */ = {isa = PBXFileReference; lastKnownFileType = file.storyboard; name = Base; path = Base.lproj/LaunchScreen.storyboard; sourceTree = "<group>"; };
		BC5CEC86250F9FA700F1C623 /* Info.plist */ = {isa = PBXFileReference; lastKnownFileType = text.plist.xml; path = Info.plist; sourceTree = "<group>"; };
/* End PBXFileReference section */

/* Begin PBXFrameworksBuildPhase section */
		BC5CEC72250F9FA600F1C623 /* Frameworks */ = {
			isa = PBXFrameworksBuildPhase;
			buildActionMask = 2147483647;
			files = (
			);
			runOnlyForDeploymentPostprocessing = 0;
		};
/* End PBXFrameworksBuildPhase section */

/* Begin PBXGroup section */
		BC5CEC6C250F9FA600F1C623 = {
			isa = PBXGroup;
			children = (
				BC5CEC77250F9FA600F1C623 /* CustomFont */,
				BC5CEC76250F9FA600F1C623 /* Products */,
			);
			sourceTree = "<group>";
		};
		BC5CEC76250F9FA600F1C623 /* Products */ = {
			isa = PBXGroup;
			children = (
				BC5CEC75250F9FA600F1C623 /* CustomFont.app */,
			);
			name = Products;
			sourceTree = "<group>";
		};
		BC5CEC77250F9FA600F1C623 /* CustomFont */ = {
			isa = PBXGroup;
			children = (
				BC5CEC78250F9FA600F1C623 /* AppDelegate.swift */,
				BC5CEC7A250F9FA600F1C623 /* SceneDelegate.swift */,
				BC5CEC7C250F9FA600F1C623 /* ViewController.swift */,
				BC5CEC7E250F9FA600F1C623 /* Main.storyboard */,
				BC5CEC81250F9FA700F1C623 /* Assets.xcassets */,
				BC5CEC83250F9FA700F1C623 /* LaunchScreen.storyboard */,
				BC5CEC86250F9FA700F1C623 /* Info.plist */,
			);
			path = CustomFont;
			sourceTree = "<group>";
		};
/* End PBXGroup section */

/* Begin PBXNativeTarget section */
		BC5CEC74250F9FA600F1C623 /* CustomFont */ = {
			isa = PBXNativeTarget;
			buildConfigurationList = BC5CEC89250F9FA700F1C623 /* Build configuration list for PBXNativeTarget "CustomFont" */;
			buildPhases = (
				BC5CEC71250F9FA600F1C623 /* Sources */,
				BC5CEC72250F9FA600F1C623 /* Frameworks */,
				BC5CEC73250F9FA600F1C623 /* Resources */,
			);
			buildRules = (
			);
			dependencies = (
			);
			name = CustomFont;
			productName = CustomFont;
			productReference = BC5CEC75250F9FA600F1C623 /* CustomFont.app */;
			productType = "com.apple.product-type.application";
		};
/* End PBXNativeTarget section */

/* Begin PBXProject section */
		BC5CEC6D250F9FA600F1C623 /* Project object */ = {
			isa = PBXProject;
			attributes = {
				LastSwiftUpdateCheck = 1170;
				LastUpgradeCheck = 1170;
				ORGANIZATIONNAME = jung;
				TargetAttributes = {
					BC5CEC74250F9FA600F1C623 = {
						CreatedOnToolsVersion = 11.7;
					};
				};
			};
			buildConfigurationList = BC5CEC70250F9FA600F1C623 /* Build configuration list for PBXProject "CustomFont" */;
			compatibilityVersion = "Xcode 9.3";
			developmentRegion = en;
			hasScannedForEncodings = 0;
			knownRegions = (
				en,
				Base,
			);
			mainGroup = BC5CEC6C250F9FA600F1C623;
			productRefGroup = BC5CEC76250F9FA600F1C623 /* Products */;
			projectDirPath = "";
			projectRoot = "";
			targets = (
				BC5CEC74250F9FA600F1C623 /* CustomFont */,
			);
		};
/* End PBXProject section */

/* Begin PBXResourcesBuildPhase section */
		BC5CEC73250F9FA600F1C623 /* Resources */ = {
			isa = PBXResourcesBuildPhase;
			buildActionMask = 2147483647;
			files = (
				BC5CEC85250F9FA700F1C623 /* LaunchScreen.storyboard in Resources */,
				BC5CEC82250F9FA700F1C623 /* Assets.xcassets in Resources */,
				BC5CEC80250F9FA600F1C623 /* Main.storyboard in Resources */,
			);
			runOnlyForDeploymentPostprocessing = 0;
		};
/* End PBXResourcesBuildPhase section */

/* Begin PBXSourcesBuildPhase section */
		BC5CEC71250F9FA600F1C623 /* Sources */ = {
			isa = PBXSourcesBuildPhase;
			buildActionMask = 2147483647;
			files = (
				BC5CEC7D250F9FA600F1C623 /* ViewController.swift in Sources */,
				BC5CEC79250F9FA600F1C623 /* AppDelegate.swift in Sources */,
				BC5CEC7B250F9FA600F1C623 /* SceneDelegate.swift in Sources */,
			);
			runOnlyForDeploymentPostprocessing = 0;
		};
/* End PBXSourcesBuildPhase section */

/* Begin PBXVariantGroup section */
		BC5CEC7E250F9FA600F1C623 /* Main.storyboard */ = {
			isa = PBXVariantGroup;
			children = (
				BC5CEC7F250F9FA600F1C623 /* Base */,
			);
			name = Main.storyboard;
			sourceTree = "<group>";
		};
		BC5CEC83250F9FA700F1C623 /* LaunchScreen.storyboard */ = {
			isa = PBXVariantGroup;
			children = (
				BC5CEC84250F9FA700F1C623 /* Base */,
			);
			name = LaunchScreen.storyboard;
			sourceTree = "<group>";
		};
/* End PBXVariantGroup section */

/* Begin XCBuildConfiguration section */
		BC5CEC87250F9FA700F1C623 /* Debug */ = {
			isa = XCBuildConfiguration;
			buildSettings = {
				ALWAYS_SEARCH_USER_PATHS = NO;
				CLANG_ANALYZER_NONNULL = YES;
				CLANG_ANALYZER_NUMBER_OBJECT_CONVERSION = YES_AGGRESSIVE;
				CLANG_CXX_LANGUAGE_STANDARD = "gnu++14";
				CLANG_CXX_LIBRARY = "libc++";
				CLANG_ENABLE_MODULES = YES;
				CLANG_ENABLE_OBJC_ARC = YES;
				CLANG_ENABLE_OBJC_WEAK = YES;
				CLANG_WARN_BLOCK_CAPTURE_AUTORELEASING = YES;
				CLANG_WARN_BOOL_CONVERSION = YES;
				CLANG_WARN_COMMA = YES;
				CLANG_WARN_CONSTANT_CONVERSION = YES;
				CLANG_WARN_DEPRECATED_OBJC_IMPLEMENTATIONS = YES;
				CLANG_WARN_DIRECT_OBJC_ISA_USAGE = YES_ERROR;
				CLANG_WARN_DOCUMENTATION_COMMENTS = YES;
				CLANG_WARN_EMPTY_BODY = YES;
				CLANG_WARN_ENUM_CONVERSION = YES;
				CLANG_WARN_INFINITE_RECURSION = YES;
				CLANG_WARN_INT_CONVERSION = YES;
				CLANG_WARN_NON_LITERAL_NULL_CONVERSION = YES;
				CLANG_WARN_OBJC_IMPLICIT_RETAIN_SELF = YES;
				CLANG_WARN_OBJC_LITERAL_CONVERSION = YES;
				CLANG_WARN_OBJC_ROOT_CLASS = YES_ERROR;
				CLANG_WARN_RANGE_LOOP_ANALYSIS = YES;
				CLANG_WARN_STRICT_PROTOTYPES = YES;
				CLANG_WARN_SUSPICIOUS_MOVE = YES;
				CLANG_WARN_UNGUARDED_AVAILABILITY = YES_AGGRESSIVE;
				CLANG_WARN_UNREACHABLE_CODE = YES;
				CLANG_WARN__DUPLICATE_METHOD_MATCH = YES;
				COPY_PHASE_STRIP = NO;
				DEBUG_INFORMATION_FORMAT = dwarf;
				ENABLE_STRICT_OBJC_MSGSEND = YES;
				ENABLE_TESTABILITY = YES;
				GCC_C_LANGUAGE_STANDARD = gnu11;
				GCC_DYNAMIC_NO_PIC = NO;
				GCC_NO_COMMON_BLOCKS = YES;
				GCC_OPTIMIZATION_LEVEL = 0;
				GCC_PREPROCESSOR_DEFINITIONS = (
					"DEBUG=1",
					"$(inherited)",
				);
				GCC_WARN_64_TO_32_BIT_CONVERSION = YES;
				GCC_WARN_ABOUT_RETURN_TYPE = YES_ERROR;
				GCC_WARN_UNDECLARED_SELECTOR = YES;
				GCC_WARN_UNINITIALIZED_AUTOS = YES_AGGRESSIVE;
				GCC_WARN_UNUSED_FUNCTION = YES;
				GCC_WARN_UNUSED_VARIABLE = YES;
				IPHONEOS_DEPLOYMENT_TARGET = 13.7;
				MTL_ENABLE_DEBUG_INFO = INCLUDE_SOURCE;
				MTL_FAST_MATH = YES;
				ONLY_ACTIVE_ARCH = YES;
				SDKROOT = iphoneos;
				SWIFT_ACTIVE_COMPILATION_CONDITIONS = DEBUG;
				SWIFT_OPTIMIZATION_LEVEL = "-Onone";
			};
			name = Debug;
		};
		BC5CEC88250F9FA700F1C623 /* Release */ = {
			isa = XCBuildConfiguration;
			buildSettings = {
				ALWAYS_SEARCH_USER_PATHS = NO;
				CLANG_ANALYZER_NONNULL = YES;
				CLANG_ANALYZER_NUMBER_OBJECT_CONVERSION = YES_AGGRESSIVE;
				CLANG_CXX_LANGUAGE_STANDARD = "gnu++14";
				CLANG_CXX_LIBRARY = "libc++";
				CLANG_ENABLE_MODULES = YES;
				CLANG_ENABLE_OBJC_ARC = YES;
				CLANG_ENABLE_OBJC_WEAK = YES;
				CLANG_WARN_BLOCK_CAPTURE_AUTORELEASING = YES;
				CLANG_WARN_BOOL_CONVERSION = YES;
				CLANG_WARN_COMMA = YES;
				CLANG_WARN_CONSTANT_CONVERSION = YES;
				CLANG_WARN_DEPRECATED_OBJC_IMPLEMENTATIONS = YES;
				CLANG_WARN_DIRECT_OBJC_ISA_USAGE = YES_ERROR;
				CLANG_WARN_DOCUMENTATION_COMMENTS = YES;
				CLANG_WARN_EMPTY_BODY = YES;
				CLANG_WARN_ENUM_CONVERSION = YES;
				CLANG_WARN_INFINITE_RECURSION = YES;
				CLANG_WARN_INT_CONVERSION = YES;
				CLANG_WARN_NON_LITERAL_NULL_CONVERSION = YES;
				CLANG_WARN_OBJC_IMPLICIT_RETAIN_SELF = YES;
				CLANG_WARN_OBJC_LITERAL_CONVERSION = YES;
				CLANG_WARN_OBJC_ROOT_CLASS = YES_ERROR;
				CLANG_WARN_RANGE_LOOP_ANALYSIS = YES;
				CLANG_WARN_STRICT_PROTOTYPES = YES;
				CLANG_WARN_SUSPICIOUS_MOVE = YES;
				CLANG_WARN_UNGUARDED_AVAILABILITY = YES_AGGRESSIVE;
				CLANG_WARN_UNREACHABLE_CODE = YES;
				CLANG_WARN__DUPLICATE_METHOD_MATCH = YES;
				COPY_PHASE_STRIP = NO;
				DEBUG_INFORMATION_FORMAT = "dwarf-with-dsym";
				ENABLE_NS_ASSERTIONS = NO;
				ENABLE_STRICT_OBJC_MSGSEND = YES;
				GCC_C_LANGUAGE_STANDARD = gnu11;
				GCC_NO_COMMON_BLOCKS = YES;
				GCC_WARN_64_TO_32_BIT_CONVERSION = YES;
				GCC_WARN_ABOUT_RETURN_TYPE = YES_ERROR;
				GCC_WARN_UNDECLARED_SELECTOR = YES;
				GCC_WARN_UNINITIALIZED_AUTOS = YES_AGGRESSIVE;
				GCC_WARN_UNUSED_FUNCTION = YES;
				GCC_WARN_UNUSED_VARIABLE = YES;
				IPHONEOS_DEPLOYMENT_TARGET = 13.7;
				MTL_ENABLE_DEBUG_INFO = NO;
				MTL_FAST_MATH = YES;
				SDKROOT = iphoneos;
				SWIFT_COMPILATION_MODE = wholemodule;
				SWIFT_OPTIMIZATION_LEVEL = "-O";
				VALIDATE_PRODUCT = YES;
			};
			name = Release;
		};
		BC5CEC8A250F9FA700F1C623 /* Debug */ = {
			isa = XCBuildConfiguration;
			buildSettings = {
				ASSETCATALOG_COMPILER_APPICON_NAME = AppIcon;
				CODE_SIGN_STYLE = Automatic;
				DEVELOPMENT_TEAM = AC2UBA9RGZ;
				INFOPLIST_FILE = CustomFont/Info.plist;
				LD_RUNPATH_SEARCH_PATHS = (
					"$(inherited)",
					"@executable_path/Frameworks",
				);
				PRODUCT_BUNDLE_IDENTIFIER = kr.heo.CustomFont;
				PRODUCT_NAME = "$(TARGET_NAME)";
				SWIFT_VERSION = 5.0;
				TARGETED_DEVICE_FAMILY = "1,2";
			};
			name = Debug;
		};
		BC5CEC8B250F9FA700F1C623 /* Release */ = {
			isa = XCBuildConfiguration;
			buildSettings = {
				ASSETCATALOG_COMPILER_APPICON_NAME = AppIcon;
				CODE_SIGN_STYLE = Automatic;
				DEVELOPMENT_TEAM = AC2UBA9RGZ;
				INFOPLIST_FILE = CustomFont/Info.plist;
				LD_RUNPATH_SEARCH_PATHS = (
					"$(inherited)",
					"@executable_path/Frameworks",
				);
				PRODUCT_BUNDLE_IDENTIFIER = kr.heo.CustomFont;
				PRODUCT_NAME = "$(TARGET_NAME)";
				SWIFT_VERSION = 5.0;
				TARGETED_DEVICE_FAMILY = "1,2";
			};
			name = Release;
		};
/* End XCBuildConfiguration section */

/* Begin XCConfigurationList section */
		BC5CEC70250F9FA600F1C623 /* Build configuration list for PBXProject "CustomFont" */ = {
			isa = XCConfigurationList;
			buildConfigurations = (
				BC5CEC87250F9FA700F1C623 /* Debug */,
				BC5CEC88250F9FA700F1C623 /* Release */,
			);
			defaultConfigurationIsVisible = 0;
			defaultConfigurationName = Release;
		};
		BC5CEC89250F9FA700F1C623 /* Build configuration list for PBXNativeTarget "CustomFont" */ = {
			isa = XCConfigurationList;
			buildConfigurations = (
				BC5CEC8A250F9FA700F1C623 /* Debug */,
				BC5CEC8B250F9FA700F1C623 /* Release */,
			);
			defaultConfigurationIsVisible = 0;
			defaultConfigurationName = Release;
		};
/* End XCConfigurationList section */
	};
	rootObject = BC5CEC6D250F9FA600F1C623 /* Project object */;
}
