// !$*UTF8*$!
{
	archiveVersion = 1;
	classes = {
	};
	objectVersion = 50;
	objects = {

/* Begin PBXBuildFile section */
		BC6464D8244C6474007529A4 /* AppDelegate.swift in Sources */ = {isa = PBXBuildFile; fileRef = BC6464D7244C6474007529A4 /* AppDelegate.swift */; };
		BC6464DA244C6474007529A4 /* SceneDelegate.swift in Sources */ = {isa = PBXBuildFile; fileRef = BC6464D9244C6474007529A4 /* SceneDelegate.swift */; };
		BC6464DC244C6474007529A4 /* ViewController.swift in Sources */ = {isa = PBXBuildFile; fileRef = BC6464DB244C6474007529A4 /* ViewController.swift */; };
		BC6464DF244C6474007529A4 /* Main.storyboard in Resources */ = {isa = PBXBuildFile; fileRef = BC6464DD244C6474007529A4 /* Main.storyboard */; };
		BC6464E2244C6474007529A4 /* practice01.xcdatamodeld in Sources */ = {isa = PBXBuildFile; fileRef = BC6464E0244C6474007529A4 /* practice01.xcdatamodeld */; };
		BC6464E4244C6476007529A4 /* Assets.xcassets in Resources */ = {isa = PBXBuildFile; fileRef = BC6464E3244C6476007529A4 /* Assets.xcassets */; };
		BC6464E7244C6476007529A4 /* LaunchScreen.storyboard in Resources */ = {isa = PBXBuildFile; fileRef = BC6464E5244C6476007529A4 /* LaunchScreen.storyboard */; };
		BC6464EF244C756E007529A4 /* secondViewController.swift in Sources */ = {isa = PBXBuildFile; fileRef = BC6464EE244C756E007529A4 /* secondViewController.swift */; };
/* End PBXBuildFile section */

/* Begin PBXFileReference section */
		BC6464D4244C6474007529A4 /* practice01.app */ = {isa = PBXFileReference; explicitFileType = wrapper.application; includeInIndex = 0; path = practice01.app; sourceTree = BUILT_PRODUCTS_DIR; };
		BC6464D7244C6474007529A4 /* AppDelegate.swift */ = {isa = PBXFileReference; lastKnownFileType = sourcecode.swift; path = AppDelegate.swift; sourceTree = "<group>"; };
		BC6464D9244C6474007529A4 /* SceneDelegate.swift */ = {isa = PBXFileReference; lastKnownFileType = sourcecode.swift; path = SceneDelegate.swift; sourceTree = "<group>"; };
		BC6464DB244C6474007529A4 /* ViewController.swift */ = {isa = PBXFileReference; lastKnownFileType = sourcecode.swift; path = ViewController.swift; sourceTree = "<group>"; };
		BC6464DE244C6474007529A4 /* Base */ = {isa = PBXFileReference; lastKnownFileType = file.storyboard; name = Base; path = Base.lproj/Main.storyboard; sourceTree = "<group>"; };
		BC6464E1244C6474007529A4 /* practice01.xcdatamodel */ = {isa = PBXFileReference; lastKnownFileType = wrapper.xcdatamodel; path = practice01.xcdatamodel; sourceTree = "<group>"; };
		BC6464E3244C6476007529A4 /* Assets.xcassets */ = {isa = PBXFileReference; lastKnownFileType = folder.assetcatalog; path = Assets.xcassets; sourceTree = "<group>"; };
		BC6464E6244C6476007529A4 /* Base */ = {isa = PBXFileReference; lastKnownFileType = file.storyboard; name = Base; path = Base.lproj/LaunchScreen.storyboard; sourceTree = "<group>"; };
		BC6464E8244C6476007529A4 /* Info.plist */ = {isa = PBXFileReference; lastKnownFileType = text.plist.xml; path = Info.plist; sourceTree = "<group>"; };
		BC6464EE244C756E007529A4 /* secondViewController.swift */ = {isa = PBXFileReference; lastKnownFileType = sourcecode.swift; path = secondViewController.swift; sourceTree = "<group>"; };
/* End PBXFileReference section */

/* Begin PBXFrameworksBuildPhase section */
		BC6464D1244C6474007529A4 /* Frameworks */ = {
			isa = PBXFrameworksBuildPhase;
			buildActionMask = 2147483647;
			files = (
			);
			runOnlyForDeploymentPostprocessing = 0;
		};
/* End PBXFrameworksBuildPhase section */

/* Begin PBXGroup section */
		BC6464CB244C6474007529A4 = {
			isa = PBXGroup;
			children = (
				BC6464D6244C6474007529A4 /* practice01 */,
				BC6464D5244C6474007529A4 /* Products */,
			);
			sourceTree = "<group>";
		};
		BC6464D5244C6474007529A4 /* Products */ = {
			isa = PBXGroup;
			children = (
				BC6464D4244C6474007529A4 /* practice01.app */,
			);
			name = Products;
			sourceTree = "<group>";
		};
		BC6464D6244C6474007529A4 /* practice01 */ = {
			isa = PBXGroup;
			children = (
				BC6464D7244C6474007529A4 /* AppDelegate.swift */,
				BC6464D9244C6474007529A4 /* SceneDelegate.swift */,
				BC6464DB244C6474007529A4 /* ViewController.swift */,
				BC6464DD244C6474007529A4 /* Main.storyboard */,
				BC6464E3244C6476007529A4 /* Assets.xcassets */,
				BC6464E5244C6476007529A4 /* LaunchScreen.storyboard */,
				BC6464E8244C6476007529A4 /* Info.plist */,
				BC6464E0244C6474007529A4 /* practice01.xcdatamodeld */,
				BC6464EE244C756E007529A4 /* secondViewController.swift */,
			);
			path = practice01;
			sourceTree = "<group>";
		};
/* End PBXGroup section */

/* Begin PBXNativeTarget section */
		BC6464D3244C6474007529A4 /* practice01 */ = {
			isa = PBXNativeTarget;
			buildConfigurationList = BC6464EB244C6476007529A4 /* Build configuration list for PBXNativeTarget "practice01" */;
			buildPhases = (
				BC6464D0244C6474007529A4 /* Sources */,
				BC6464D1244C6474007529A4 /* Frameworks */,
				BC6464D2244C6474007529A4 /* Resources */,
			);
			buildRules = (
			);
			dependencies = (
			);
			name = practice01;
			productName = practice01;
			productReference = BC6464D4244C6474007529A4 /* practice01.app */;
			productType = "com.apple.product-type.application";
		};
/* End PBXNativeTarget section */

/* Begin PBXProject section */
		BC6464CC244C6474007529A4 /* Project object */ = {
			isa = PBXProject;
			attributes = {
				LastSwiftUpdateCheck = 1140;
				LastUpgradeCheck = 1140;
				ORGANIZATIONNAME = jung;
				TargetAttributes = {
					BC6464D3244C6474007529A4 = {
						CreatedOnToolsVersion = 11.4.1;
					};
				};
			};
			buildConfigurationList = BC6464CF244C6474007529A4 /* Build configuration list for PBXProject "practice01" */;
			compatibilityVersion = "Xcode 9.3";
			developmentRegion = en;
			hasScannedForEncodings = 0;
			knownRegions = (
				en,
				Base,
			);
			mainGroup = BC6464CB244C6474007529A4;
			productRefGroup = BC6464D5244C6474007529A4 /* Products */;
			projectDirPath = "";
			projectRoot = "";
			targets = (
				BC6464D3244C6474007529A4 /* practice01 */,
			);
		};
/* End PBXProject section */

/* Begin PBXResourcesBuildPhase section */
		BC6464D2244C6474007529A4 /* Resources */ = {
			isa = PBXResourcesBuildPhase;
			buildActionMask = 2147483647;
			files = (
				BC6464E7244C6476007529A4 /* LaunchScreen.storyboard in Resources */,
				BC6464E4244C6476007529A4 /* Assets.xcassets in Resources */,
				BC6464DF244C6474007529A4 /* Main.storyboard in Resources */,
			);
			runOnlyForDeploymentPostprocessing = 0;
		};
/* End PBXResourcesBuildPhase section */

/* Begin PBXSourcesBuildPhase section */
		BC6464D0244C6474007529A4 /* Sources */ = {
			isa = PBXSourcesBuildPhase;
			buildActionMask = 2147483647;
			files = (
				BC6464DC244C6474007529A4 /* ViewController.swift in Sources */,
				BC6464D8244C6474007529A4 /* AppDelegate.swift in Sources */,
				BC6464DA244C6474007529A4 /* SceneDelegate.swift in Sources */,
				BC6464EF244C756E007529A4 /* secondViewController.swift in Sources */,
				BC6464E2244C6474007529A4 /* practice01.xcdatamodeld in Sources */,
			);
			runOnlyForDeploymentPostprocessing = 0;
		};
/* End PBXSourcesBuildPhase section */

/* Begin PBXVariantGroup section */
		BC6464DD244C6474007529A4 /* Main.storyboard */ = {
			isa = PBXVariantGroup;
			children = (
				BC6464DE244C6474007529A4 /* Base */,
			);
			name = Main.storyboard;
			sourceTree = "<group>";
		};
		BC6464E5244C6476007529A4 /* LaunchScreen.storyboard */ = {
			isa = PBXVariantGroup;
			children = (
				BC6464E6244C6476007529A4 /* Base */,
			);
			name = LaunchScreen.storyboard;
			sourceTree = "<group>";
		};
/* End PBXVariantGroup section */

/* Begin XCBuildConfiguration section */
		BC6464E9244C6476007529A4 /* Debug */ = {
			isa = XCBuildConfiguration;
			buildSettings = {
				ALWAYS_SEARCH_USER_PATHS = NO;
				CLANG_ANALYZER_NONNULL = YES;
				CLANG_ANALYZER_NUMBER_OBJECT_CONVERSION = YES_AGGRESSIVE;
				CLANG_CXX_LANGUAGE_STANDARD = "gnu++14";
				CLANG_CXX_LIBRARY = "libc++";
				CLANG_ENABLE_MODULES = YES;
				CLANG_ENABLE_OBJC_ARC = YES;
				CLANG_ENABLE_OBJC_WEAK = YES;
				CLANG_WARN_BLOCK_CAPTURE_AUTORELEASING = YES;
				CLANG_WARN_BOOL_CONVERSION = YES;
				CLANG_WARN_COMMA = YES;
				CLANG_WARN_CONSTANT_CONVERSION = YES;
				CLANG_WARN_DEPRECATED_OBJC_IMPLEMENTATIONS = YES;
				CLANG_WARN_DIRECT_OBJC_ISA_USAGE = YES_ERROR;
				CLANG_WARN_DOCUMENTATION_COMMENTS = YES;
				CLANG_WARN_EMPTY_BODY = YES;
				CLANG_WARN_ENUM_CONVERSION = YES;
				CLANG_WARN_INFINITE_RECURSION = YES;
				CLANG_WARN_INT_CONVERSION = YES;
				CLANG_WARN_NON_LITERAL_NULL_CONVERSION = YES;
				CLANG_WARN_OBJC_IMPLICIT_RETAIN_SELF = YES;
				CLANG_WARN_OBJC_LITERAL_CONVERSION = YES;
				CLANG_WARN_OBJC_ROOT_CLASS = YES_ERROR;
				CLANG_WARN_RANGE_LOOP_ANALYSIS = YES;
				CLANG_WARN_STRICT_PROTOTYPES = YES;
				CLANG_WARN_SUSPICIOUS_MOVE = YES;
				CLANG_WARN_UNGUARDED_AVAILABILITY = YES_AGGRESSIVE;
				CLANG_WARN_UNREACHABLE_CODE = YES;
				CLANG_WARN__DUPLICATE_METHOD_MATCH = YES;
				COPY_PHASE_STRIP = NO;
				DEBUG_INFORMATION_FORMAT = dwarf;
				ENABLE_STRICT_OBJC_MSGSEND = YES;
				ENABLE_TESTABILITY = YES;
				GCC_C_LANGUAGE_STANDARD = gnu11;
				GCC_DYNAMIC_NO_PIC = NO;
				GCC_NO_COMMON_BLOCKS = YES;
				GCC_OPTIMIZATION_LEVEL = 0;
				GCC_PREPROCESSOR_DEFINITIONS = (
					"DEBUG=1",
					"$(inherited)",
				);
				GCC_WARN_64_TO_32_BIT_CONVERSION = YES;
				GCC_WARN_ABOUT_RETURN_TYPE = YES_ERROR;
				GCC_WARN_UNDECLARED_SELECTOR = YES;
				GCC_WARN_UNINITIALIZED_AUTOS = YES_AGGRESSIVE;
				GCC_WARN_UNUSED_FUNCTION = YES;
				GCC_WARN_UNUSED_VARIABLE = YES;
				IPHONEOS_DEPLOYMENT_TARGET = 13.4;
				MTL_ENABLE_DEBUG_INFO = INCLUDE_SOURCE;
				MTL_FAST_MATH = YES;
				ONLY_ACTIVE_ARCH = YES;
				SDKROOT = iphoneos;
				SWIFT_ACTIVE_COMPILATION_CONDITIONS = DEBUG;
				SWIFT_OPTIMIZATION_LEVEL = "-Onone";
			};
			name = Debug;
		};
		BC6464EA244C6476007529A4 /* Release */ = {
			isa = XCBuildConfiguration;
			buildSettings = {
				ALWAYS_SEARCH_USER_PATHS = NO;
				CLANG_ANALYZER_NONNULL = YES;
				CLANG_ANALYZER_NUMBER_OBJECT_CONVERSION = YES_AGGRESSIVE;
				CLANG_CXX_LANGUAGE_STANDARD = "gnu++14";
				CLANG_CXX_LIBRARY = "libc++";
				CLANG_ENABLE_MODULES = YES;
				CLANG_ENABLE_OBJC_ARC = YES;
				CLANG_ENABLE_OBJC_WEAK = YES;
				CLANG_WARN_BLOCK_CAPTURE_AUTORELEASING = YES;
				CLANG_WARN_BOOL_CONVERSION = YES;
				CLANG_WARN_COMMA = YES;
				CLANG_WARN_CONSTANT_CONVERSION = YES;
				CLANG_WARN_DEPRECATED_OBJC_IMPLEMENTATIONS = YES;
				CLANG_WARN_DIRECT_OBJC_ISA_USAGE = YES_ERROR;
				CLANG_WARN_DOCUMENTATION_COMMENTS = YES;
				CLANG_WARN_EMPTY_BODY = YES;
				CLANG_WARN_ENUM_CONVERSION = YES;
				CLANG_WARN_INFINITE_RECURSION = YES;
				CLANG_WARN_INT_CONVERSION = YES;
				CLANG_WARN_NON_LITERAL_NULL_CONVERSION = YES;
				CLANG_WARN_OBJC_IMPLICIT_RETAIN_SELF = YES;
				CLANG_WARN_OBJC_LITERAL_CONVERSION = YES;
				CLANG_WARN_OBJC_ROOT_CLASS = YES_ERROR;
				CLANG_WARN_RANGE_LOOP_ANALYSIS = YES;
				CLANG_WARN_STRICT_PROTOTYPES = YES;
				CLANG_WARN_SUSPICIOUS_MOVE = YES;
				CLANG_WARN_UNGUARDED_AVAILABILITY = YES_AGGRESSIVE;
				CLANG_WARN_UNREACHABLE_CODE = YES;
				CLANG_WARN__DUPLICATE_METHOD_MATCH = YES;
				COPY_PHASE_STRIP = NO;
				DEBUG_INFORMATION_FORMAT = "dwarf-with-dsym";
				ENABLE_NS_ASSERTIONS = NO;
				ENABLE_STRICT_OBJC_MSGSEND = YES;
				GCC_C_LANGUAGE_STANDARD = gnu11;
				GCC_NO_COMMON_BLOCKS = YES;
				GCC_WARN_64_TO_32_BIT_CONVERSION = YES;
				GCC_WARN_ABOUT_RETURN_TYPE = YES_ERROR;
				GCC_WARN_UNDECLARED_SELECTOR = YES;
				GCC_WARN_UNINITIALIZED_AUTOS = YES_AGGRESSIVE;
				GCC_WARN_UNUSED_FUNCTION = YES;
				GCC_WARN_UNUSED_VARIABLE = YES;
				IPHONEOS_DEPLOYMENT_TARGET = 13.4;
				MTL_ENABLE_DEBUG_INFO = NO;
				MTL_FAST_MATH = YES;
				SDKROOT = iphoneos;
				SWIFT_COMPILATION_MODE = wholemodule;
				SWIFT_OPTIMIZATION_LEVEL = "-O";
				VALIDATE_PRODUCT = YES;
			};
			name = Release;
		};
		BC6464EC244C6476007529A4 /* Debug */ = {
			isa = XCBuildConfiguration;
			buildSettings = {
				ASSETCATALOG_COMPILER_APPICON_NAME = AppIcon;
				CODE_SIGN_STYLE = Automatic;
				DEVELOPMENT_TEAM = AC2UBA9RGZ;
				INFOPLIST_FILE = practice01/Info.plist;
				LD_RUNPATH_SEARCH_PATHS = (
					"$(inherited)",
					"@executable_path/Frameworks",
				);
				PRODUCT_BUNDLE_IDENTIFIER = kr.heo.practice01;
				PRODUCT_NAME = "$(TARGET_NAME)";
				SWIFT_VERSION = 5.0;
				TARGETED_DEVICE_FAMILY = "1,2";
			};
			name = Debug;
		};
		BC6464ED244C6476007529A4 /* Release */ = {
			isa = XCBuildConfiguration;
			buildSettings = {
				ASSETCATALOG_COMPILER_APPICON_NAME = AppIcon;
				CODE_SIGN_STYLE = Automatic;
				DEVELOPMENT_TEAM = AC2UBA9RGZ;
				INFOPLIST_FILE = practice01/Info.plist;
				LD_RUNPATH_SEARCH_PATHS = (
					"$(inherited)",
					"@executable_path/Frameworks",
				);
				PRODUCT_BUNDLE_IDENTIFIER = kr.heo.practice01;
				PRODUCT_NAME = "$(TARGET_NAME)";
				SWIFT_VERSION = 5.0;
				TARGETED_DEVICE_FAMILY = "1,2";
			};
			name = Release;
		};
/* End XCBuildConfiguration section */

/* Begin XCConfigurationList section */
		BC6464CF244C6474007529A4 /* Build configuration list for PBXProject "practice01" */ = {
			isa = XCConfigurationList;
			buildConfigurations = (
				BC6464E9244C6476007529A4 /* Debug */,
				BC6464EA244C6476007529A4 /* Release */,
			);
			defaultConfigurationIsVisible = 0;
			defaultConfigurationName = Release;
		};
		BC6464EB244C6476007529A4 /* Build configuration list for PBXNativeTarget "practice01" */ = {
			isa = XCConfigurationList;
			buildConfigurations = (
				BC6464EC244C6476007529A4 /* Debug */,
				BC6464ED244C6476007529A4 /* Release */,
			);
			defaultConfigurationIsVisible = 0;
			defaultConfigurationName = Release;
		};
/* End XCConfigurationList section */

/* Begin XCVersionGroup section */
		BC6464E0244C6474007529A4 /* practice01.xcdatamodeld */ = {
			isa = XCVersionGroup;
			children = (
				BC6464E1244C6474007529A4 /* practice01.xcdatamodel */,
			);
			currentVersion = BC6464E1244C6474007529A4 /* practice01.xcdatamodel */;
			path = practice01.xcdatamodeld;
			sourceTree = "<group>";
			versionGroupType = wrapper.xcdatamodel;
		};
/* End XCVersionGroup section */
	};
	rootObject = BC6464CC244C6474007529A4 /* Project object */;
}
